// !$*UTF8*$!
{
	archiveVersion = 1;
	classes = {
	};
	objectVersion = 50;
	objects = {

/* Begin PBXBuildFile section */
		3292CBEE2456855800F551B6 /* AppDelegate.swift in Sources */ = {isa = PBXBuildFile; fileRef = 3292CBED2456855800F551B6 /* AppDelegate.swift */; };
		3292CBF02456855800F551B6 /* SceneDelegate.swift in Sources */ = {isa = PBXBuildFile; fileRef = 3292CBEF2456855800F551B6 /* SceneDelegate.swift */; };
		3292CBF22456855800F551B6 /* ViewController.swift in Sources */ = {isa = PBXBuildFile; fileRef = 3292CBF12456855800F551B6 /* ViewController.swift */; };
		3292CBF52456855800F551B6 /* Main.storyboard in Resources */ = {isa = PBXBuildFile; fileRef = 3292CBF32456855800F551B6 /* Main.storyboard */; };
		3292CBF72456855B00F551B6 /* Assets.xcassets in Resources */ = {isa = PBXBuildFile; fileRef = 3292CBF62456855B00F551B6 /* Assets.xcassets */; };
		3292CBFA2456855B00F551B6 /* LaunchScreen.storyboard in Resources */ = {isa = PBXBuildFile; fileRef = 3292CBF82456855B00F551B6 /* LaunchScreen.storyboard */; };
		3292CC052456855B00F551B6 /* Rock_Paper_ScissorsTests.swift in Sources */ = {isa = PBXBuildFile; fileRef = 3292CC042456855B00F551B6 /* Rock_Paper_ScissorsTests.swift */; };
		3292CC102456855B00F551B6 /* Rock_Paper_ScissorsUITests.swift in Sources */ = {isa = PBXBuildFile; fileRef = 3292CC0F2456855B00F551B6 /* Rock_Paper_ScissorsUITests.swift */; };
		3292CC1E2456885C00F551B6 /* ResultsViewController.swift in Sources */ = {isa = PBXBuildFile; fileRef = 3292CC1D2456885C00F551B6 /* ResultsViewController.swift */; };
/* End PBXBuildFile section */

/* Begin PBXContainerItemProxy section */
		3292CC012456855B00F551B6 /* PBXContainerItemProxy */ = {
			isa = PBXContainerItemProxy;
			containerPortal = 3292CBE22456855800F551B6 /* Project object */;
			proxyType = 1;
			remoteGlobalIDString = 3292CBE92456855800F551B6;
			remoteInfo = "Rock,Paper,Scissors";
		};
		3292CC0C2456855B00F551B6 /* PBXContainerItemProxy */ = {
			isa = PBXContainerItemProxy;
			containerPortal = 3292CBE22456855800F551B6 /* Project object */;
			proxyType = 1;
			remoteGlobalIDString = 3292CBE92456855800F551B6;
			remoteInfo = "Rock,Paper,Scissors";
		};
/* End PBXContainerItemProxy section */

/* Begin PBXFileReference section */
		3292CBEA2456855800F551B6 /* Rock,Paper,Scissors.app */ = {isa = PBXFileReference; explicitFileType = wrapper.application; includeInIndex = 0; path = "Rock,Paper,Scissors.app"; sourceTree = BUILT_PRODUCTS_DIR; };
		3292CBED2456855800F551B6 /* AppDelegate.swift */ = {isa = PBXFileReference; lastKnownFileType = sourcecode.swift; path = AppDelegate.swift; sourceTree = "<group>"; };
		3292CBEF2456855800F551B6 /* SceneDelegate.swift */ = {isa = PBXFileReference; lastKnownFileType = sourcecode.swift; path = SceneDelegate.swift; sourceTree = "<group>"; };
		3292CBF12456855800F551B6 /* ViewController.swift */ = {isa = PBXFileReference; lastKnownFileType = sourcecode.swift; path = ViewController.swift; sourceTree = "<group>"; };
		3292CBF42456855800F551B6 /* Base */ = {isa = PBXFileReference; lastKnownFileType = file.storyboard; name = Base; path = Base.lproj/Main.storyboard; sourceTree = "<group>"; };
		3292CBF62456855B00F551B6 /* Assets.xcassets */ = {isa = PBXFileReference; lastKnownFileType = folder.assetcatalog; path = Assets.xcassets; sourceTree = "<group>"; };
		3292CBF92456855B00F551B6 /* Base */ = {isa = PBXFileReference; lastKnownFileType = file.storyboard; name = Base; path = Base.lproj/LaunchScreen.storyboard; sourceTree = "<group>"; };
		3292CBFB2456855B00F551B6 /* Info.plist */ = {isa = PBXFileReference; lastKnownFileType = text.plist.xml; path = Info.plist; sourceTree = "<group>"; };
		3292CC002456855B00F551B6 /* Rock,Paper,ScissorsTests.xctest */ = {isa = PBXFileReference; explicitFileType = wrapper.cfbundle; includeInIndex = 0; path = "Rock,Paper,ScissorsTests.xctest"; sourceTree = BUILT_PRODUCTS_DIR; };
		3292CC042456855B00F551B6 /* Rock_Paper_ScissorsTests.swift */ = {isa = PBXFileReference; lastKnownFileType = sourcecode.swift; path = Rock_Paper_ScissorsTests.swift; sourceTree = "<group>"; };
		3292CC062456855B00F551B6 /* Info.plist */ = {isa = PBXFileReference; lastKnownFileType = text.plist.xml; path = Info.plist; sourceTree = "<group>"; };
		3292CC0B2456855B00F551B6 /* Rock,Paper,ScissorsUITests.xctest */ = {isa = PBXFileReference; explicitFileType = wrapper.cfbundle; includeInIndex = 0; path = "Rock,Paper,ScissorsUITests.xctest"; sourceTree = BUILT_PRODUCTS_DIR; };
		3292CC0F2456855B00F551B6 /* Rock_Paper_ScissorsUITests.swift */ = {isa = PBXFileReference; lastKnownFileType = sourcecode.swift; path = Rock_Paper_ScissorsUITests.swift; sourceTree = "<group>"; };
		3292CC112456855B00F551B6 /* Info.plist */ = {isa = PBXFileReference; lastKnownFileType = text.plist.xml; path = Info.plist; sourceTree = "<group>"; };
		3292CC1D2456885C00F551B6 /* ResultsViewController.swift */ = {isa = PBXFileReference; lastKnownFileType = sourcecode.swift; path = ResultsViewController.swift; sourceTree = "<group>"; };
/* End PBXFileReference section */

/* Begin PBXFrameworksBuildPhase section */
		3292CBE72456855800F551B6 /* Frameworks */ = {
			isa = PBXFrameworksBuildPhase;
			buildActionMask = 2147483647;
			files = (
			);
			runOnlyForDeploymentPostprocessing = 0;
		};
		3292CBFD2456855B00F551B6 /* Frameworks */ = {
			isa = PBXFrameworksBuildPhase;
			buildActionMask = 2147483647;
			files = (
			);
			runOnlyForDeploymentPostprocessing = 0;
		};
		3292CC082456855B00F551B6 /* Frameworks */ = {
			isa = PBXFrameworksBuildPhase;
			buildActionMask = 2147483647;
			files = (
			);
			runOnlyForDeploymentPostprocessing = 0;
		};
/* End PBXFrameworksBuildPhase section */

/* Begin PBXGroup section */
		3292CBE12456855800F551B6 = {
			isa = PBXGroup;
			children = (
				3292CBEC2456855800F551B6 /* Rock,Paper,Scissors */,
				3292CC032456855B00F551B6 /* Rock,Paper,ScissorsTests */,
				3292CC0E2456855B00F551B6 /* Rock,Paper,ScissorsUITests */,
				3292CBEB2456855800F551B6 /* Products */,
			);
			sourceTree = "<group>";
		};
		3292CBEB2456855800F551B6 /* Products */ = {
			isa = PBXGroup;
			children = (
				3292CBEA2456855800F551B6 /* Rock,Paper,Scissors.app */,
				3292CC002456855B00F551B6 /* Rock,Paper,ScissorsTests.xctest */,
				3292CC0B2456855B00F551B6 /* Rock,Paper,ScissorsUITests.xctest */,
			);
			name = Products;
			sourceTree = "<group>";
		};
		3292CBEC2456855800F551B6 /* Rock,Paper,Scissors */ = {
			isa = PBXGroup;
			children = (
				3292CBED2456855800F551B6 /* AppDelegate.swift */,
				3292CBEF2456855800F551B6 /* SceneDelegate.swift */,
				3292CBF12456855800F551B6 /* ViewController.swift */,
				3292CC1D2456885C00F551B6 /* ResultsViewController.swift */,
				3292CBF32456855800F551B6 /* Main.storyboard */,
				3292CBF62456855B00F551B6 /* Assets.xcassets */,
				3292CBF82456855B00F551B6 /* LaunchScreen.storyboard */,
				3292CBFB2456855B00F551B6 /* Info.plist */,
			);
			path = "Rock,Paper,Scissors";
			sourceTree = "<group>";
		};
		3292CC032456855B00F551B6 /* Rock,Paper,ScissorsTests */ = {
			isa = PBXGroup;
			children = (
				3292CC042456855B00F551B6 /* Rock_Paper_ScissorsTests.swift */,
				3292CC062456855B00F551B6 /* Info.plist */,
			);
			path = "Rock,Paper,ScissorsTests";
			sourceTree = "<group>";
		};
		3292CC0E2456855B00F551B6 /* Rock,Paper,ScissorsUITests */ = {
			isa = PBXGroup;
			children = (
				3292CC0F2456855B00F551B6 /* Rock_Paper_ScissorsUITests.swift */,
				3292CC112456855B00F551B6 /* Info.plist */,
			);
			path = "Rock,Paper,ScissorsUITests";
			sourceTree = "<group>";
		};
/* End PBXGroup section */

/* Begin PBXNativeTarget section */
		3292CBE92456855800F551B6 /* Rock,Paper,Scissors */ = {
			isa = PBXNativeTarget;
			buildConfigurationList = 3292CC142456855B00F551B6 /* Build configuration list for PBXNativeTarget "Rock,Paper,Scissors" */;
			buildPhases = (
				3292CBE62456855800F551B6 /* Sources */,
				3292CBE72456855800F551B6 /* Frameworks */,
				3292CBE82456855800F551B6 /* Resources */,
			);
			buildRules = (
			);
			dependencies = (
			);
			name = "Rock,Paper,Scissors";
			productName = "Rock,Paper,Scissors";
			productReference = 3292CBEA2456855800F551B6 /* Rock,Paper,Scissors.app */;
			productType = "com.apple.product-type.application";
		};
		3292CBFF2456855B00F551B6 /* Rock,Paper,ScissorsTests */ = {
			isa = PBXNativeTarget;
			buildConfigurationList = 3292CC172456855B00F551B6 /* Build configuration list for PBXNativeTarget "Rock,Paper,ScissorsTests" */;
			buildPhases = (
				3292CBFC2456855B00F551B6 /* Sources */,
				3292CBFD2456855B00F551B6 /* Frameworks */,
				3292CBFE2456855B00F551B6 /* Resources */,
			);
			buildRules = (
			);
			dependencies = (
				3292CC022456855B00F551B6 /* PBXTargetDependency */,
			);
			name = "Rock,Paper,ScissorsTests";
			productName = "Rock,Paper,ScissorsTests";
			productReference = 3292CC002456855B00F551B6 /* Rock,Paper,ScissorsTests.xctest */;
			productType = "com.apple.product-type.bundle.unit-test";
		};
		3292CC0A2456855B00F551B6 /* Rock,Paper,ScissorsUITests */ = {
			isa = PBXNativeTarget;
			buildConfigurationList = 3292CC1A2456855B00F551B6 /* Build configuration list for PBXNativeTarget "Rock,Paper,ScissorsUITests" */;
			buildPhases = (
				3292CC072456855B00F551B6 /* Sources */,
				3292CC082456855B00F551B6 /* Frameworks */,
				3292CC092456855B00F551B6 /* Resources */,
			);
			buildRules = (
			);
			dependencies = (
				3292CC0D2456855B00F551B6 /* PBXTargetDependency */,
			);
			name = "Rock,Paper,ScissorsUITests";
			productName = "Rock,Paper,ScissorsUITests";
			productReference = 3292CC0B2456855B00F551B6 /* Rock,Paper,ScissorsUITests.xctest */;
			productType = "com.apple.product-type.bundle.ui-testing";
		};
/* End PBXNativeTarget section */

/* Begin PBXProject section */
		3292CBE22456855800F551B6 /* Project object */ = {
			isa = PBXProject;
			attributes = {
				LastSwiftUpdateCheck = 1140;
				LastUpgradeCheck = 1140;
				ORGANIZATIONNAME = "Noel Maldonado";
				TargetAttributes = {
					3292CBE92456855800F551B6 = {
						CreatedOnToolsVersion = 11.4.1;
					};
					3292CBFF2456855B00F551B6 = {
						CreatedOnToolsVersion = 11.4.1;
						TestTargetID = 3292CBE92456855800F551B6;
					};
					3292CC0A2456855B00F551B6 = {
						CreatedOnToolsVersion = 11.4.1;
						TestTargetID = 3292CBE92456855800F551B6;
					};
				};
			};
			buildConfigurationList = 3292CBE52456855800F551B6 /* Build configuration list for PBXProject "Rock,Paper,Scissors" */;
			compatibilityVersion = "Xcode 9.3";
			developmentRegion = en;
			hasScannedForEncodings = 0;
			knownRegions = (
				en,
				Base,
			);
			mainGroup = 3292CBE12456855800F551B6;
			productRefGroup = 3292CBEB2456855800F551B6 /* Products */;
			projectDirPath = "";
			projectRoot = "";
			targets = (
				3292CBE92456855800F551B6 /* Rock,Paper,Scissors */,
				3292CBFF2456855B00F551B6 /* Rock,Paper,ScissorsTests */,
				3292CC0A2456855B00F551B6 /* Rock,Paper,ScissorsUITests */,
			);
		};
/* End PBXProject section */

/* Begin PBXResourcesBuildPhase section */
		3292CBE82456855800F551B6 /* Resources */ = {
			isa = PBXResourcesBuildPhase;
			buildActionMask = 2147483647;
			files = (
				3292CBFA2456855B00F551B6 /* LaunchScreen.storyboard in Resources */,
				3292CBF72456855B00F551B6 /* Assets.xcassets in Resources */,
				3292CBF52456855800F551B6 /* Main.storyboard in Resources */,
			);
			runOnlyForDeploymentPostprocessing = 0;
		};
		3292CBFE2456855B00F551B6 /* Resources */ = {
			isa = PBXResourcesBuildPhase;
			buildActionMask = 2147483647;
			files = (
			);
			runOnlyForDeploymentPostprocessing = 0;
		};
		3292CC092456855B00F551B6 /* Resources */ = {
			isa = PBXResourcesBuildPhase;
			buildActionMask = 2147483647;
			files = (
			);
			runOnlyForDeploymentPostprocessing = 0;
		};
/* End PBXResourcesBuildPhase section */

/* Begin PBXSourcesBuildPhase section */
		3292CBE62456855800F551B6 /* Sources */ = {
			isa = PBXSourcesBuildPhase;
			buildActionMask = 2147483647;
			files = (
				3292CBF22456855800F551B6 /* ViewController.swift in Sources */,
				3292CBEE2456855800F551B6 /* AppDelegate.swift in Sources */,
				3292CBF02456855800F551B6 /* SceneDelegate.swift in Sources */,
				3292CC1E2456885C00F551B6 /* ResultsViewController.swift in Sources */,
			);
			runOnlyForDeploymentPostprocessing = 0;
		};
		3292CBFC2456855B00F551B6 /* Sources */ = {
			isa = PBXSourcesBuildPhase;
			buildActionMask = 2147483647;
			files = (
				3292CC052456855B00F551B6 /* Rock_Paper_ScissorsTests.swift in Sources */,
			);
			runOnlyForDeploymentPostprocessing = 0;
		};
		3292CC072456855B00F551B6 /* Sources */ = {
			isa = PBXSourcesBuildPhase;
			buildActionMask = 2147483647;
			files = (
				3292CC102456855B00F551B6 /* Rock_Paper_ScissorsUITests.swift in Sources */,
			);
			runOnlyForDeploymentPostprocessing = 0;
		};
/* End PBXSourcesBuildPhase section */

/* Begin PBXTargetDependency section */
		3292CC022456855B00F551B6 /* PBXTargetDependency */ = {
			isa = PBXTargetDependency;
			target = 3292CBE92456855800F551B6 /* Rock,Paper,Scissors */;
			targetProxy = 3292CC012456855B00F551B6 /* PBXContainerItemProxy */;
		};
		3292CC0D2456855B00F551B6 /* PBXTargetDependency */ = {
			isa = PBXTargetDependency;
			target = 3292CBE92456855800F551B6 /* Rock,Paper,Scissors */;
			targetProxy = 3292CC0C2456855B00F551B6 /* PBXContainerItemProxy */;
		};
/* End PBXTargetDependency section */

/* Begin PBXVariantGroup section */
		3292CBF32456855800F551B6 /* Main.storyboard */ = {
			isa = PBXVariantGroup;
			children = (
				3292CBF42456855800F551B6 /* Base */,
			);
			name = Main.storyboard;
			sourceTree = "<group>";
		};
		3292CBF82456855B00F551B6 /* LaunchScreen.storyboard */ = {
			isa = PBXVariantGroup;
			children = (
				3292CBF92456855B00F551B6 /* Base */,
			);
			name = LaunchScreen.storyboard;
			sourceTree = "<group>";
		};
/* End PBXVariantGroup section */

/* Begin XCBuildConfiguration section */
		3292CC122456855B00F551B6 /* Debug */ = {
			isa = XCBuildConfiguration;
			buildSettings = {
				ALWAYS_SEARCH_USER_PATHS = NO;
				CLANG_ANALYZER_NONNULL = YES;
				CLANG_ANALYZER_NUMBER_OBJECT_CONVERSION = YES_AGGRESSIVE;
				CLANG_CXX_LANGUAGE_STANDARD = "gnu++14";
				CLANG_CXX_LIBRARY = "libc++";
				CLANG_ENABLE_MODULES = YES;
				CLANG_ENABLE_OBJC_ARC = YES;
				CLANG_ENABLE_OBJC_WEAK = YES;
				CLANG_WARN_BLOCK_CAPTURE_AUTORELEASING = YES;
				CLANG_WARN_BOOL_CONVERSION = YES;
				CLANG_WARN_COMMA = YES;
				CLANG_WARN_CONSTANT_CONVERSION = YES;
				CLANG_WARN_DEPRECATED_OBJC_IMPLEMENTATIONS = YES;
				CLANG_WARN_DIRECT_OBJC_ISA_USAGE = YES_ERROR;
				CLANG_WARN_DOCUMENTATION_COMMENTS = YES;
				CLANG_WARN_EMPTY_BODY = YES;
				CLANG_WARN_ENUM_CONVERSION = YES;
				CLANG_WARN_INFINITE_RECURSION = YES;
				CLANG_WARN_INT_CONVERSION = YES;
				CLANG_WARN_NON_LITERAL_NULL_CONVERSION = YES;
				CLANG_WARN_OBJC_IMPLICIT_RETAIN_SELF = YES;
				CLANG_WARN_OBJC_LITERAL_CONVERSION = YES;
				CLANG_WARN_OBJC_ROOT_CLASS = YES_ERROR;
				CLANG_WARN_RANGE_LOOP_ANALYSIS = YES;
				CLANG_WARN_STRICT_PROTOTYPES = YES;
				CLANG_WARN_SUSPICIOUS_MOVE = YES;
				CLANG_WARN_UNGUARDED_AVAILABILITY = YES_AGGRESSIVE;
				CLANG_WARN_UNREACHABLE_CODE = YES;
				CLANG_WARN__DUPLICATE_METHOD_MATCH = YES;
				COPY_PHASE_STRIP = NO;
				DEBUG_INFORMATION_FORMAT = dwarf;
				ENABLE_STRICT_OBJC_MSGSEND = YES;
				ENABLE_TESTABILITY = YES;
				GCC_C_LANGUAGE_STANDARD = gnu11;
				GCC_DYNAMIC_NO_PIC = NO;
				GCC_NO_COMMON_BLOCKS = YES;
				GCC_OPTIMIZATION_LEVEL = 0;
				GCC_PREPROCESSOR_DEFINITIONS = (
					"DEBUG=1",
					"$(inherited)",
				);
				GCC_WARN_64_TO_32_BIT_CONVERSION = YES;
				GCC_WARN_ABOUT_RETURN_TYPE = YES_ERROR;
				GCC_WARN_UNDECLARED_SELECTOR = YES;
				GCC_WARN_UNINITIALIZED_AUTOS = YES_AGGRESSIVE;
				GCC_WARN_UNUSED_FUNCTION = YES;
				GCC_WARN_UNUSED_VARIABLE = YES;
				IPHONEOS_DEPLOYMENT_TARGET = 13.4;
				MTL_ENABLE_DEBUG_INFO = INCLUDE_SOURCE;
				MTL_FAST_MATH = YES;
				ONLY_ACTIVE_ARCH = YES;
				SDKROOT = iphoneos;
				SWIFT_ACTIVE_COMPILATION_CONDITIONS = DEBUG;
				SWIFT_OPTIMIZATION_LEVEL = "-Onone";
			};
			name = Debug;
		};
		3292CC132456855B00F551B6 /* Release */ = {
			isa = XCBuildConfiguration;
			buildSettings = {
				ALWAYS_SEARCH_USER_PATHS = NO;
				CLANG_ANALYZER_NONNULL = YES;
				CLANG_ANALYZER_NUMBER_OBJECT_CONVERSION = YES_AGGRESSIVE;
				CLANG_CXX_LANGUAGE_STANDARD = "gnu++14";
				CLANG_CXX_LIBRARY = "libc++";
				CLANG_ENABLE_MODULES = YES;
				CLANG_ENABLE_OBJC_ARC = YES;
				CLANG_ENABLE_OBJC_WEAK = YES;
				CLANG_WARN_BLOCK_CAPTURE_AUTORELEASING = YES;
				CLANG_WARN_BOOL_CONVERSION = YES;
				CLANG_WARN_COMMA = YES;
				CLANG_WARN_CONSTANT_CONVERSION = YES;
				CLANG_WARN_DEPRECATED_OBJC_IMPLEMENTATIONS = YES;
				CLANG_WARN_DIRECT_OBJC_ISA_USAGE = YES_ERROR;
				CLANG_WARN_DOCUMENTATION_COMMENTS = YES;
				CLANG_WARN_EMPTY_BODY = YES;
				CLANG_WARN_ENUM_CONVERSION = YES;
				CLANG_WARN_INFINITE_RECURSION = YES;
				CLANG_WARN_INT_CONVERSION = YES;
				CLANG_WARN_NON_LITERAL_NULL_CONVERSION = YES;
				CLANG_WARN_OBJC_IMPLICIT_RETAIN_SELF = YES;
				CLANG_WARN_OBJC_LITERAL_CONVERSION = YES;
				CLANG_WARN_OBJC_ROOT_CLASS = YES_ERROR;
				CLANG_WARN_RANGE_LOOP_ANALYSIS = YES;
				CLANG_WARN_STRICT_PROTOTYPES = YES;
				CLANG_WARN_SUSPICIOUS_MOVE = YES;
				CLANG_WARN_UNGUARDED_AVAILABILITY = YES_AGGRESSIVE;
				CLANG_WARN_UNREACHABLE_CODE = YES;
				CLANG_WARN__DUPLICATE_METHOD_MATCH = YES;
				COPY_PHASE_STRIP = NO;
				DEBUG_INFORMATION_FORMAT = "dwarf-with-dsym";
				ENABLE_NS_ASSERTIONS = NO;
				ENABLE_STRICT_OBJC_MSGSEND = YES;
				GCC_C_LANGUAGE_STANDARD = gnu11;
				GCC_NO_COMMON_BLOCKS = YES;
				GCC_WARN_64_TO_32_BIT_CONVERSION = YES;
				GCC_WARN_ABOUT_RETURN_TYPE = YES_ERROR;
				GCC_WARN_UNDECLARED_SELECTOR = YES;
				GCC_WARN_UNINITIALIZED_AUTOS = YES_AGGRESSIVE;
				GCC_WARN_UNUSED_FUNCTION = YES;
				GCC_WARN_UNUSED_VARIABLE = YES;
				IPHONEOS_DEPLOYMENT_TARGET = 13.4;
				MTL_ENABLE_DEBUG_INFO = NO;
				MTL_FAST_MATH = YES;
				SDKROOT = iphoneos;
				SWIFT_COMPILATION_MODE = wholemodule;
				SWIFT_OPTIMIZATION_LEVEL = "-O";
				VALIDATE_PRODUCT = YES;
			};
			name = Release;
		};
		3292CC152456855B00F551B6 /* Debug */ = {
			isa = XCBuildConfiguration;
			buildSettings = {
				ASSETCATALOG_COMPILER_APPICON_NAME = AppIcon;
				CODE_SIGN_STYLE = Automatic;
				DEVELOPMENT_TEAM = U83ZCJN6UA;
				INFOPLIST_FILE = "Rock,Paper,Scissors/Info.plist";
				LD_RUNPATH_SEARCH_PATHS = (
					"$(inherited)",
					"@executable_path/Frameworks",
				);
				PRODUCT_BUNDLE_IDENTIFIER = "udacity.iOSDeveloperNanodegree.Rock-Paper-Scissors";
				PRODUCT_NAME = "$(TARGET_NAME)";
				SWIFT_VERSION = 5.0;
				TARGETED_DEVICE_FAMILY = "1,2";
			};
			name = Debug;
		};
		3292CC162456855B00F551B6 /* Release */ = {
			isa = XCBuildConfiguration;
			buildSettings = {
				ASSETCATALOG_COMPILER_APPICON_NAME = AppIcon;
				CODE_SIGN_STYLE = Automatic;
				DEVELOPMENT_TEAM = U83ZCJN6UA;
				INFOPLIST_FILE = "Rock,Paper,Scissors/Info.plist";
				LD_RUNPATH_SEARCH_PATHS = (
					"$(inherited)",
					"@executable_path/Frameworks",
				);
				PRODUCT_BUNDLE_IDENTIFIER = "udacity.iOSDeveloperNanodegree.Rock-Paper-Scissors";
				PRODUCT_NAME = "$(TARGET_NAME)";
				SWIFT_VERSION = 5.0;
				TARGETED_DEVICE_FAMILY = "1,2";
			};
			name = Release;
		};
		3292CC182456855B00F551B6 /* Debug */ = {
			isa = XCBuildConfiguration;
			buildSettings = {
				ALWAYS_EMBED_SWIFT_STANDARD_LIBRARIES = YES;
				BUNDLE_LOADER = "$(TEST_HOST)";
				CODE_SIGN_STYLE = Automatic;
				DEVELOPMENT_TEAM = U83ZCJN6UA;
				INFOPLIST_FILE = "Rock,Paper,ScissorsTests/Info.plist";
				IPHONEOS_DEPLOYMENT_TARGET = 13.4;
				LD_RUNPATH_SEARCH_PATHS = (
					"$(inherited)",
					"@executable_path/Frameworks",
					"@loader_path/Frameworks",
				);
				PRODUCT_BUNDLE_IDENTIFIER = "udacity.iOSDeveloperNanodegree.Rock-Paper-ScissorsTests";
				PRODUCT_NAME = "$(TARGET_NAME)";
				SWIFT_VERSION = 5.0;
				TARGETED_DEVICE_FAMILY = "1,2";
				TEST_HOST = "$(BUILT_PRODUCTS_DIR)/Rock,Paper,Scissors.app/Rock,Paper,Scissors";
			};
			name = Debug;
		};
		3292CC192456855B00F551B6 /* Release */ = {
			isa = XCBuildConfiguration;
			buildSettings = {
				ALWAYS_EMBED_SWIFT_STANDARD_LIBRARIES = YES;
				BUNDLE_LOADER = "$(TEST_HOST)";
				CODE_SIGN_STYLE = Automatic;
				DEVELOPMENT_TEAM = U83ZCJN6UA;
				INFOPLIST_FILE = "Rock,Paper,ScissorsTests/Info.plist";
				IPHONEOS_DEPLOYMENT_TARGET = 13.4;
				LD_RUNPATH_SEARCH_PATHS = (
					"$(inherited)",
					"@executable_path/Frameworks",
					"@loader_path/Frameworks",
				);
				PRODUCT_BUNDLE_IDENTIFIER = "udacity.iOSDeveloperNanodegree.Rock-Paper-ScissorsTests";
				PRODUCT_NAME = "$(TARGET_NAME)";
				SWIFT_VERSION = 5.0;
				TARGETED_DEVICE_FAMILY = "1,2";
				TEST_HOST = "$(BUILT_PRODUCTS_DIR)/Rock,Paper,Scissors.app/Rock,Paper,Scissors";
			};
			name = Release;
		};
		3292CC1B2456855B00F551B6 /* Debug */ = {
			isa = XCBuildConfiguration;
			buildSettings = {
				ALWAYS_EMBED_SWIFT_STANDARD_LIBRARIES = YES;
				CODE_SIGN_STYLE = Automatic;
				DEVELOPMENT_TEAM = U83ZCJN6UA;
				INFOPLIST_FILE = "Rock,Paper,ScissorsUITests/Info.plist";
				LD_RUNPATH_SEARCH_PATHS = (
					"$(inherited)",
					"@executable_path/Frameworks",
					"@loader_path/Frameworks",
				);
				PRODUCT_BUNDLE_IDENTIFIER = "udacity.iOSDeveloperNanodegree.Rock-Paper-ScissorsUITests";
				PRODUCT_NAME = "$(TARGET_NAME)";
				SWIFT_VERSION = 5.0;
				TARGETED_DEVICE_FAMILY = "1,2";
				TEST_TARGET_NAME = "Rock,Paper,Scissors";
			};
			name = Debug;
		};
		3292CC1C2456855B00F551B6 /* Release */ = {
			isa = XCBuildConfiguration;
			buildSettings = {
				ALWAYS_EMBED_SWIFT_STANDARD_LIBRARIES = YES;
				CODE_SIGN_STYLE = Automatic;
				DEVELOPMENT_TEAM = U83ZCJN6UA;
				INFOPLIST_FILE = "Rock,Paper,ScissorsUITests/Info.plist";
				LD_RUNPATH_SEARCH_PATHS = (
					"$(inherited)",
					"@executable_path/Frameworks",
					"@loader_path/Frameworks",
				);
				PRODUCT_BUNDLE_IDENTIFIER = "udacity.iOSDeveloperNanodegree.Rock-Paper-ScissorsUITests";
				PRODUCT_NAME = "$(TARGET_NAME)";
				SWIFT_VERSION = 5.0;
				TARGETED_DEVICE_FAMILY = "1,2";
				TEST_TARGET_NAME = "Rock,Paper,Scissors";
			};
			name = Release;
		};
/* End XCBuildConfiguration section */

/* Begin XCConfigurationList section */
		3292CBE52456855800F551B6 /* Build configuration list for PBXProject "Rock,Paper,Scissors" */ = {
			isa = XCConfigurationList;
			buildConfigurations = (
				3292CC122456855B00F551B6 /* Debug */,
				3292CC132456855B00F551B6 /* Release */,
			);
			defaultConfigurationIsVisible = 0;
			defaultConfigurationName = Release;
		};
		3292CC142456855B00F551B6 /* Build configuration list for PBXNativeTarget "Rock,Paper,Scissors" */ = {
			isa = XCConfigurationList;
			buildConfigurations = (
				3292CC152456855B00F551B6 /* Debug */,
				3292CC162456855B00F551B6 /* Release */,
			);
			defaultConfigurationIsVisible = 0;
			defaultConfigurationName = Release;
		};
		3292CC172456855B00F551B6 /* Build configuration list for PBXNativeTarget "Rock,Paper,ScissorsTests" */ = {
			isa = XCConfigurationList;
			buildConfigurations = (
				3292CC182456855B00F551B6 /* Debug */,
				3292CC192456855B00F551B6 /* Release */,
			);
			defaultConfigurationIsVisible = 0;
			defaultConfigurationName = Release;
		};
		3292CC1A2456855B00F551B6 /* Build configuration list for PBXNativeTarget "Rock,Paper,ScissorsUITests" */ = {
			isa = XCConfigurationList;
			buildConfigurations = (
				3292CC1B2456855B00F551B6 /* Debug */,
				3292CC1C2456855B00F551B6 /* Release */,
			);
			defaultConfigurationIsVisible = 0;
			defaultConfigurationName = Release;
		};
/* End XCConfigurationList section */
	};
	rootObject = 3292CBE22456855800F551B6 /* Project object */;
}
